
Microsoft Visual Studio Solution File, Format Version 12.00
# Visual Studio Version 17
VisualStudioVersion = 17.5.33516.290
MinimumVisualStudioVersion = 10.0.40219.1
Project("{FAE04EC0-301F-11D3-BF4B-00C04F79EFBC}") = "Study_28_29", "Study_28_29\Study_28_29.csproj", "{7783FD5A-41C6-48E0-8C61-A35505CDCF23}"
EndProject
Global
	GlobalSection(SolutionConfigurationPlatforms) = preSolution
		Debug|Any CPU = Debug|Any CPU
		Release|Any CPU = Release|Any CPU
	EndGlobalSection
	GlobalSection(ProjectConfigurationPlatforms) = postSolution
		{7783FD5A-41C6-48E0-8C61-A35505CDCF23}.Debug|Any CPU.ActiveCfg = Debug|Any CPU
		{7783FD5A-41C6-48E0-8C61-A35505CDCF23}.Debug|Any CPU.Build.0 = Debug|Any CPU
		{7783FD5A-41C6-48E0-8C61-A35505CDCF23}.Release|Any CPU.ActiveCfg = Release|Any CPU
		{7783FD5A-41C6-48E0-8C61-A35505CDCF23}.Release|Any CPU.Build.0 = Release|Any CPU
	EndGlobalSection
	GlobalSection(SolutionProperties) = preSolution
		HideSolutionNode = FALSE
	EndGlobalSection
	GlobalSection(ExtensibilityGlobals) = postSolution
		SolutionGuid = {F360298A-530B-4C1D-BDC5-7C1846BF8EDF}
	EndGlobalSection
EndGlobal
